Microsoft Visual Studio Solution File, Format Version 12.00
# Visual Studio Version 17
VisualStudioVersion = 17.5.2.0
MinimumVisualStudioVersion = 10.0.40219.1
Project("{FAE04EC0-301F-11D3-BF4B-00C04F79EFBC}") = "ThreeNumberSumApp", "ThreeNumberSumApp.csproj", "{0CAAC497-B557-538B-4F7D-06111C835FB0}"
EndProject
Global
	GlobalSection(SolutionConfigurationPlatforms) = preSolution
		Debug|Any CPU = Debug|Any CPU
		Release|Any CPU = Release|Any CPU
	EndGlobalSection
	GlobalSection(ProjectConfigurationPlatforms) = postSolution
		{0CAAC497-B557-538B-4F7D-06111C835FB0}.Debug|Any CPU.ActiveCfg = Debug|Any CPU
		{0CAAC497-B557-538B-4F7D-06111C835FB0}.Debug|Any CPU.Build.0 = Debug|Any CPU
		{0CAAC497-B557-538B-4F7D-06111C835FB0}.Release|Any CPU.ActiveCfg = Release|Any CPU
		{0CAAC497-B557-538B-4F7D-06111C835FB0}.Release|Any CPU.Build.0 = Release|Any CPU
	EndGlobalSection
	GlobalSection(SolutionProperties) = preSolution
		HideSolutionNode = FALSE
	EndGlobalSection
	GlobalSection(ExtensibilityGlobals) = postSolution
		SolutionGuid = {3F80E7CB-271A-453B-8FBB-3F109F923D53}
	EndGlobalSection
EndGlobal
